
Microsoft Visual Studio Solution File, Format Version 12.00
# Visual Studio Version 16
VisualStudioVersion = 16.0.30517.126
MinimumVisualStudioVersion = 10.0.40219.1
Project("{FAE04EC0-301F-11D3-BF4B-00C04F79EFBC}") = "CSharp", "CSharp\CSharp.csproj", "{A94D6E4C-8A55-4D7C-B49D-0773D0825DC6}"
EndProject
Global
	GlobalSection(SolutionConfigurationPlatforms) = preSolution
		Debug|Any CPU = Debug|Any CPU
		Release|Any CPU = Release|Any CPU
	EndGlobalSection
	GlobalSection(ProjectConfigurationPlatforms) = postSolution
		{A94D6E4C-8A55-4D7C-B49D-0773D0825DC6}.Debug|Any CPU.ActiveCfg = Debug|Any CPU
		{A94D6E4C-8A55-4D7C-B49D-0773D0825DC6}.Debug|Any CPU.Build.0 = Debug|Any CPU
		{A94D6E4C-8A55-4D7C-B49D-0773D0825DC6}.Release|Any CPU.ActiveCfg = Release|Any CPU
		{A94D6E4C-8A55-4D7C-B49D-0773D0825DC6}.Release|Any CPU.Build.0 = Release|Any CPU
	EndGlobalSection
	GlobalSection(SolutionProperties) = preSolution
		HideSolutionNode = FALSE
	EndGlobalSection
	GlobalSection(ExtensibilityGlobals) = postSolution
		SolutionGuid = {A5E2BD56-ECD5-4E79-AC07-B218930179C1}
	EndGlobalSection
EndGlobal
